// !$*UTF8*$!
{
	archiveVersion = 1;
	classes = {
	};
	objectVersion = 56;
	objects = {

/* Begin PBXBuildFile section */
		55D8B5312A6FF2FD00C993D3 /* fender_stratocaster.usdz in Resources */ = {isa = PBXBuildFile; fileRef = 55D8B5302A6FF2FD00C993D3 /* fender_stratocaster.usdz */; };
		55D8B5332A6FF31400C993D3 /* robot_walk_idle.usdz in Resources */ = {isa = PBXBuildFile; fileRef = 55D8B5322A6FF31400C993D3 /* robot_walk_idle.usdz */; };
		55D8B5352A6FF33800C993D3 /* toy_biplane_idle.usdz in Resources */ = {isa = PBXBuildFile; fileRef = 55D8B5342A6FF33800C993D3 /* toy_biplane_idle.usdz */; };
		55D8B5372A6FF34800C993D3 /* teapot.usdz in Resources */ = {isa = PBXBuildFile; fileRef = 55D8B5362A6FF34800C993D3 /* teapot.usdz */; };
		55F92CB72A6FDA2E00F1D96B /* AppDelegate.swift in Sources */ = {isa = PBXBuildFile; fileRef = 55F92CB62A6FDA2E00F1D96B /* AppDelegate.swift */; };
		55F92CB92A6FDA2E00F1D96B /* ContentView.swift in Sources */ = {isa = PBXBuildFile; fileRef = 55F92CB82A6FDA2E00F1D96B /* ContentView.swift */; };
		55F92CBD2A6FDA3000F1D96B /* Assets.xcassets in Resources */ = {isa = PBXBuildFile; fileRef = 55F92CBC2A6FDA3000F1D96B /* Assets.xcassets */; };
		55F92CC02A6FDA3000F1D96B /* Preview Assets.xcassets in Resources */ = {isa = PBXBuildFile; fileRef = 55F92CBF2A6FDA3000F1D96B /* Preview Assets.xcassets */; };
		55F92CCA2A6FDA3000F1D96B /* ModelPickerAppTests.swift in Sources */ = {isa = PBXBuildFile; fileRef = 55F92CC92A6FDA3000F1D96B /* ModelPickerAppTests.swift */; };
		55F92CD42A6FDA3000F1D96B /* ModelPickerAppUITests.swift in Sources */ = {isa = PBXBuildFile; fileRef = 55F92CD32A6FDA3000F1D96B /* ModelPickerAppUITests.swift */; };
		55F92CD62A6FDA3100F1D96B /* ModelPickerAppUITestsLaunchTests.swift in Sources */ = {isa = PBXBuildFile; fileRef = 55F92CD52A6FDA3100F1D96B /* ModelPickerAppUITestsLaunchTests.swift */; };
/* End PBXBuildFile section */

/* Begin PBXContainerItemProxy section */
		55F92CC62A6FDA3000F1D96B /* PBXContainerItemProxy */ = {
			isa = PBXContainerItemProxy;
			containerPortal = 55F92CAB2A6FDA2D00F1D96B /* Project object */;
			proxyType = 1;
			remoteGlobalIDString = 55F92CB22A6FDA2E00F1D96B;
			remoteInfo = ModelPickerApp;
		};
		55F92CD02A6FDA3000F1D96B /* PBXContainerItemProxy */ = {
			isa = PBXContainerItemProxy;
			containerPortal = 55F92CAB2A6FDA2D00F1D96B /* Project object */;
			proxyType = 1;
			remoteGlobalIDString = 55F92CB22A6FDA2E00F1D96B;
			remoteInfo = ModelPickerApp;
		};
/* End PBXContainerItemProxy section */

/* Begin PBXFileReference section */
		55D8B5302A6FF2FD00C993D3 /* fender_stratocaster.usdz */ = {isa = PBXFileReference; lastKnownFileType = file.usdz; name = fender_stratocaster.usdz; path = ../../../../../../../Downloads/fender_stratocaster.usdz; sourceTree = "<group>"; };
		55D8B5322A6FF31400C993D3 /* robot_walk_idle.usdz */ = {isa = PBXFileReference; lastKnownFileType = file.usdz; name = robot_walk_idle.usdz; path = ../../../../../../../Downloads/robot_walk_idle.usdz; sourceTree = "<group>"; };
		55D8B5342A6FF33800C993D3 /* toy_biplane_idle.usdz */ = {isa = PBXFileReference; lastKnownFileType = file.usdz; name = toy_biplane_idle.usdz; path = ../../../../../../../Downloads/toy_biplane_idle.usdz; sourceTree = "<group>"; };
		55D8B5362A6FF34800C993D3 /* teapot.usdz */ = {isa = PBXFileReference; lastKnownFileType = file.usdz; name = teapot.usdz; path = ../../../../../../../Downloads/teapot.usdz; sourceTree = "<group>"; };
		55F92CB32A6FDA2E00F1D96B /* ModelPickerApp.app */ = {isa = PBXFileReference; explicitFileType = wrapper.application; includeInIndex = 0; path = ModelPickerApp.app; sourceTree = BUILT_PRODUCTS_DIR; };
		55F92CB62A6FDA2E00F1D96B /* AppDelegate.swift */ = {isa = PBXFileReference; lastKnownFileType = sourcecode.swift; path = AppDelegate.swift; sourceTree = "<group>"; };
		55F92CB82A6FDA2E00F1D96B /* ContentView.swift */ = {isa = PBXFileReference; lastKnownFileType = sourcecode.swift; path = ContentView.swift; sourceTree = "<group>"; };
		55F92CBC2A6FDA3000F1D96B /* Assets.xcassets */ = {isa = PBXFileReference; lastKnownFileType = folder.assetcatalog; path = Assets.xcassets; sourceTree = "<group>"; };
		55F92CBF2A6FDA3000F1D96B /* Preview Assets.xcassets */ = {isa = PBXFileReference; lastKnownFileType = folder.assetcatalog; path = "Preview Assets.xcassets"; sourceTree = "<group>"; };
		55F92CC52A6FDA3000F1D96B /* ModelPickerAppTests.xctest */ = {isa = PBXFileReference; explicitFileType = wrapper.cfbundle; includeInIndex = 0; path = ModelPickerAppTests.xctest; sourceTree = BUILT_PRODUCTS_DIR; };
		55F92CC92A6FDA3000F1D96B /* ModelPickerAppTests.swift */ = {isa = PBXFileReference; lastKnownFileType = sourcecode.swift; path = ModelPickerAppTests.swift; sourceTree = "<group>"; };
		55F92CCF2A6FDA3000F1D96B /* ModelPickerAppUITests.xctest */ = {isa = PBXFileReference; explicitFileType = wrapper.cfbundle; includeInIndex = 0; path = ModelPickerAppUITests.xctest; sourceTree = BUILT_PRODUCTS_DIR; };
		55F92CD32A6FDA3000F1D96B /* ModelPickerAppUITests.swift */ = {isa = PBXFileReference; lastKnownFileType = sourcecode.swift; path = ModelPickerAppUITests.swift; sourceTree = "<group>"; };
		55F92CD52A6FDA3100F1D96B /* ModelPickerAppUITestsLaunchTests.swift */ = {isa = PBXFileReference; lastKnownFileType = sourcecode.swift; path = ModelPickerAppUITestsLaunchTests.swift; sourceTree = "<group>"; };
/* End PBXFileReference section */

/* Begin PBXFrameworksBuildPhase section */
		55F92CB02A6FDA2E00F1D96B /* Frameworks */ = {
			isa = PBXFrameworksBuildPhase;
			buildActionMask = 2147483647;
			files = (
			);
			runOnlyForDeploymentPostprocessing = 0;
		};
		55F92CC22A6FDA3000F1D96B /* Frameworks */ = {
			isa = PBXFrameworksBuildPhase;
			buildActionMask = 2147483647;
			files = (
			);
			runOnlyForDeploymentPostprocessing = 0;
		};
		55F92CCC2A6FDA3000F1D96B /* Frameworks */ = {
			isa = PBXFrameworksBuildPhase;
			buildActionMask = 2147483647;
			files = (
			);
			runOnlyForDeploymentPostprocessing = 0;
		};
/* End PBXFrameworksBuildPhase section */

/* Begin PBXGroup section */
		55D8B52F2A6FF2E300C993D3 /* Models */ = {
			isa = PBXGroup;
			children = (
				55D8B5362A6FF34800C993D3 /* teapot.usdz */,
				55D8B5342A6FF33800C993D3 /* toy_biplane_idle.usdz */,
				55D8B5322A6FF31400C993D3 /* robot_walk_idle.usdz */,
				55D8B5302A6FF2FD00C993D3 /* fender_stratocaster.usdz */,
			);
			path = Models;
			sourceTree = "<group>";
		};
		55F92CAA2A6FDA2D00F1D96B = {
			isa = PBXGroup;
			children = (
				55F92CB52A6FDA2E00F1D96B /* ModelPickerApp */,
				55F92CC82A6FDA3000F1D96B /* ModelPickerAppTests */,
				55F92CD22A6FDA3000F1D96B /* ModelPickerAppUITests */,
				55F92CB42A6FDA2E00F1D96B /* Products */,
			);
			sourceTree = "<group>";
		};
		55F92CB42A6FDA2E00F1D96B /* Products */ = {
			isa = PBXGroup;
			children = (
				55F92CB32A6FDA2E00F1D96B /* ModelPickerApp.app */,
				55F92CC52A6FDA3000F1D96B /* ModelPickerAppTests.xctest */,
				55F92CCF2A6FDA3000F1D96B /* ModelPickerAppUITests.xctest */,
			);
			name = Products;
			sourceTree = "<group>";
		};
		55F92CB52A6FDA2E00F1D96B /* ModelPickerApp */ = {
			isa = PBXGroup;
			children = (
				55F92CB62A6FDA2E00F1D96B /* AppDelegate.swift */,
				55F92CB82A6FDA2E00F1D96B /* ContentView.swift */,
				55D8B52F2A6FF2E300C993D3 /* Models */,
				55F92CBC2A6FDA3000F1D96B /* Assets.xcassets */,
				55F92CBE2A6FDA3000F1D96B /* Preview Content */,
			);
			path = ModelPickerApp;
			sourceTree = "<group>";
		};
		55F92CBE2A6FDA3000F1D96B /* Preview Content */ = {
			isa = PBXGroup;
			children = (
				55F92CBF2A6FDA3000F1D96B /* Preview Assets.xcassets */,
			);
			path = "Preview Content";
			sourceTree = "<group>";
		};
		55F92CC82A6FDA3000F1D96B /* ModelPickerAppTests */ = {
			isa = PBXGroup;
			children = (
				55F92CC92A6FDA3000F1D96B /* ModelPickerAppTests.swift */,
			);
			path = ModelPickerAppTests;
			sourceTree = "<group>";
		};
		55F92CD22A6FDA3000F1D96B /* ModelPickerAppUITests */ = {
			isa = PBXGroup;
			children = (
				55F92CD32A6FDA3000F1D96B /* ModelPickerAppUITests.swift */,
				55F92CD52A6FDA3100F1D96B /* ModelPickerAppUITestsLaunchTests.swift */,
			);
			path = ModelPickerAppUITests;
			sourceTree = "<group>";
		};
/* End PBXGroup section */

/* Begin PBXNativeTarget section */
		55F92CB22A6FDA2E00F1D96B /* ModelPickerApp */ = {
			isa = PBXNativeTarget;
			buildConfigurationList = 55F92CD92A6FDA3100F1D96B /* Build configuration list for PBXNativeTarget "ModelPickerApp" */;
			buildPhases = (
				55F92CAF2A6FDA2E00F1D96B /* Sources */,
				55F92CB02A6FDA2E00F1D96B /* Frameworks */,
				55F92CB12A6FDA2E00F1D96B /* Resources */,
			);
			buildRules = (
			);
			dependencies = (
			);
			name = ModelPickerApp;
			productName = ModelPickerApp;
			productReference = 55F92CB32A6FDA2E00F1D96B /* ModelPickerApp.app */;
			productType = "com.apple.product-type.application";
		};
		55F92CC42A6FDA3000F1D96B /* ModelPickerAppTests */ = {
			isa = PBXNativeTarget;
			buildConfigurationList = 55F92CDC2A6FDA3100F1D96B /* Build configuration list for PBXNativeTarget "ModelPickerAppTests" */;
			buildPhases = (
				55F92CC12A6FDA3000F1D96B /* Sources */,
				55F92CC22A6FDA3000F1D96B /* Frameworks */,
				55F92CC32A6FDA3000F1D96B /* Resources */,
			);
			buildRules = (
			);
			dependencies = (
				55F92CC72A6FDA3000F1D96B /* PBXTargetDependency */,
			);
			name = ModelPickerAppTests;
			productName = ModelPickerAppTests;
			productReference = 55F92CC52A6FDA3000F1D96B /* ModelPickerAppTests.xctest */;
			productType = "com.apple.product-type.bundle.unit-test";
		};
		55F92CCE2A6FDA3000F1D96B /* ModelPickerAppUITests */ = {
			isa = PBXNativeTarget;
			buildConfigurationList = 55F92CDF2A6FDA3100F1D96B /* Build configuration list for PBXNativeTarget "ModelPickerAppUITests" */;
			buildPhases = (
				55F92CCB2A6FDA3000F1D96B /* Sources */,
				55F92CCC2A6FDA3000F1D96B /* Frameworks */,
				55F92CCD2A6FDA3000F1D96B /* Resources */,
			);
			buildRules = (
			);
			dependencies = (
				55F92CD12A6FDA3000F1D96B /* PBXTargetDependency */,
			);
			name = ModelPickerAppUITests;
			productName = ModelPickerAppUITests;
			productReference = 55F92CCF2A6FDA3000F1D96B /* ModelPickerAppUITests.xctest */;
			productType = "com.apple.product-type.bundle.ui-testing";
		};
/* End PBXNativeTarget section */

/* Begin PBXProject section */
		55F92CAB2A6FDA2D00F1D96B /* Project object */ = {
			isa = PBXProject;
			attributes = {
				BuildIndependentTargetsInParallel = 1;
				LastSwiftUpdateCheck = 1420;
				LastUpgradeCheck = 1420;
				TargetAttributes = {
					55F92CB22A6FDA2E00F1D96B = {
						CreatedOnToolsVersion = 14.2;
					};
					55F92CC42A6FDA3000F1D96B = {
						CreatedOnToolsVersion = 14.2;
						TestTargetID = 55F92CB22A6FDA2E00F1D96B;
					};
					55F92CCE2A6FDA3000F1D96B = {
						CreatedOnToolsVersion = 14.2;
						TestTargetID = 55F92CB22A6FDA2E00F1D96B;
					};
				};
			};
			buildConfigurationList = 55F92CAE2A6FDA2D00F1D96B /* Build configuration list for PBXProject "ModelPickerApp" */;
			compatibilityVersion = "Xcode 14.0";
			developmentRegion = en;
			hasScannedForEncodings = 0;
			knownRegions = (
				en,
				Base,
			);
			mainGroup = 55F92CAA2A6FDA2D00F1D96B;
			productRefGroup = 55F92CB42A6FDA2E00F1D96B /* Products */;
			projectDirPath = "";
			projectRoot = "";
			targets = (
				55F92CB22A6FDA2E00F1D96B /* ModelPickerApp */,
				55F92CC42A6FDA3000F1D96B /* ModelPickerAppTests */,
				55F92CCE2A6FDA3000F1D96B /* ModelPickerAppUITests */,
			);
		};
/* End PBXProject section */

/* Begin PBXResourcesBuildPhase section */
		55F92CB12A6FDA2E00F1D96B /* Resources */ = {
			isa = PBXResourcesBuildPhase;
			buildActionMask = 2147483647;
			files = (
				55D8B5372A6FF34800C993D3 /* teapot.usdz in Resources */,
				55F92CC02A6FDA3000F1D96B /* Preview Assets.xcassets in Resources */,
				55D8B5352A6FF33800C993D3 /* toy_biplane_idle.usdz in Resources */,
				55D8B5332A6FF31400C993D3 /* robot_walk_idle.usdz in Resources */,
				55F92CBD2A6FDA3000F1D96B /* Assets.xcassets in Resources */,
				55D8B5312A6FF2FD00C993D3 /* fender_stratocaster.usdz in Resources */,
			);
			runOnlyForDeploymentPostprocessing = 0;
		};
		55F92CC32A6FDA3000F1D96B /* Resources */ = {
			isa = PBXResourcesBuildPhase;
			buildActionMask = 2147483647;
			files = (
			);
			runOnlyForDeploymentPostprocessing = 0;
		};
		55F92CCD2A6FDA3000F1D96B /* Resources */ = {
			isa = PBXResourcesBuildPhase;
			buildActionMask = 2147483647;
			files = (
			);
			runOnlyForDeploymentPostprocessing = 0;
		};
/* End PBXResourcesBuildPhase section */

/* Begin PBXSourcesBuildPhase section */
		55F92CAF2A6FDA2E00F1D96B /* Sources */ = {
			isa = PBXSourcesBuildPhase;
			buildActionMask = 2147483647;
			files = (
				55F92CB92A6FDA2E00F1D96B /* ContentView.swift in Sources */,
				55F92CB72A6FDA2E00F1D96B /* AppDelegate.swift in Sources */,
			);
			runOnlyForDeploymentPostprocessing = 0;
		};
		55F92CC12A6FDA3000F1D96B /* Sources */ = {
			isa = PBXSourcesBuildPhase;
			buildActionMask = 2147483647;
			files = (
				55F92CCA2A6FDA3000F1D96B /* ModelPickerAppTests.swift in Sources */,
			);
			runOnlyForDeploymentPostprocessing = 0;
		};
		55F92CCB2A6FDA3000F1D96B /* Sources */ = {
			isa = PBXSourcesBuildPhase;
			buildActionMask = 2147483647;
			files = (
				55F92CD62A6FDA3100F1D96B /* ModelPickerAppUITestsLaunchTests.swift in Sources */,
				55F92CD42A6FDA3000F1D96B /* ModelPickerAppUITests.swift in Sources */,
			);
			runOnlyForDeploymentPostprocessing = 0;
		};
/* End PBXSourcesBuildPhase section */

/* Begin PBXTargetDependency section */
		55F92CC72A6FDA3000F1D96B /* PBXTargetDependency */ = {
			isa = PBXTargetDependency;
			target = 55F92CB22A6FDA2E00F1D96B /* ModelPickerApp */;
			targetProxy = 55F92CC62A6FDA3000F1D96B /* PBXContainerItemProxy */;
		};
		55F92CD12A6FDA3000F1D96B /* PBXTargetDependency */ = {
			isa = PBXTargetDependency;
			target = 55F92CB22A6FDA2E00F1D96B /* ModelPickerApp */;
			targetProxy = 55F92CD02A6FDA3000F1D96B /* PBXContainerItemProxy */;
		};
/* End PBXTargetDependency section */

/* Begin XCBuildConfiguration section */
		55F92CD72A6FDA3100F1D96B /* Debug */ = {
			isa = XCBuildConfiguration;
			buildSettings = {
				ALWAYS_SEARCH_USER_PATHS = NO;
				CLANG_ANALYZER_NONNULL = YES;
				CLANG_ANALYZER_NUMBER_OBJECT_CONVERSION = YES_AGGRESSIVE;
				CLANG_CXX_LANGUAGE_STANDARD = "gnu++20";
				CLANG_ENABLE_MODULES = YES;
				CLANG_ENABLE_OBJC_ARC = YES;
				CLANG_ENABLE_OBJC_WEAK = YES;
				CLANG_WARN_BLOCK_CAPTURE_AUTORELEASING = YES;
				CLANG_WARN_BOOL_CONVERSION = YES;
				CLANG_WARN_COMMA = YES;
				CLANG_WARN_CONSTANT_CONVERSION = YES;
				CLANG_WARN_DEPRECATED_OBJC_IMPLEMENTATIONS = YES;
				CLANG_WARN_DIRECT_OBJC_ISA_USAGE = YES_ERROR;
				CLANG_WARN_DOCUMENTATION_COMMENTS = YES;
				CLANG_WARN_EMPTY_BODY = YES;
				CLANG_WARN_ENUM_CONVERSION = YES;
				CLANG_WARN_INFINITE_RECURSION = YES;
				CLANG_WARN_INT_CONVERSION = YES;
				CLANG_WARN_NON_LITERAL_NULL_CONVERSION = YES;
				CLANG_WARN_OBJC_IMPLICIT_RETAIN_SELF = YES;
				CLANG_WARN_OBJC_LITERAL_CONVERSION = YES;
				CLANG_WARN_OBJC_ROOT_CLASS = YES_ERROR;
				CLANG_WARN_QUOTED_INCLUDE_IN_FRAMEWORK_HEADER = YES;
				CLANG_WARN_RANGE_LOOP_ANALYSIS = YES;
				CLANG_WARN_STRICT_PROTOTYPES = YES;
				CLANG_WARN_SUSPICIOUS_MOVE = YES;
				CLANG_WARN_UNGUARDED_AVAILABILITY = YES_AGGRESSIVE;
				CLANG_WARN_UNREACHABLE_CODE = YES;
				CLANG_WARN__DUPLICATE_METHOD_MATCH = YES;
				COPY_PHASE_STRIP = NO;
				DEBUG_INFORMATION_FORMAT = dwarf;
				ENABLE_STRICT_OBJC_MSGSEND = YES;
				ENABLE_TESTABILITY = YES;
				GCC_C_LANGUAGE_STANDARD = gnu11;
				GCC_DYNAMIC_NO_PIC = NO;
				GCC_NO_COMMON_BLOCKS = YES;
				GCC_OPTIMIZATION_LEVEL = 0;
				GCC_PREPROCESSOR_DEFINITIONS = (
					"DEBUG=1",
					"$(inherited)",
				);
				GCC_WARN_64_TO_32_BIT_CONVERSION = YES;
				GCC_WARN_ABOUT_RETURN_TYPE = YES_ERROR;
				GCC_WARN_UNDECLARED_SELECTOR = YES;
				GCC_WARN_UNINITIALIZED_AUTOS = YES_AGGRESSIVE;
				GCC_WARN_UNUSED_FUNCTION = YES;
				GCC_WARN_UNUSED_VARIABLE = YES;
				IPHONEOS_DEPLOYMENT_TARGET = 16.2;
				MTL_ENABLE_DEBUG_INFO = INCLUDE_SOURCE;
				MTL_FAST_MATH = YES;
				ONLY_ACTIVE_ARCH = YES;
				SDKROOT = iphoneos;
				SWIFT_ACTIVE_COMPILATION_CONDITIONS = DEBUG;
				SWIFT_OPTIMIZATION_LEVEL = "-Onone";
			};
			name = Debug;
		};
		55F92CD82A6FDA3100F1D96B /* Release */ = {
			isa = XCBuildConfiguration;
			buildSettings = {
				ALWAYS_SEARCH_USER_PATHS = NO;
				CLANG_ANALYZER_NONNULL = YES;
				CLANG_ANALYZER_NUMBER_OBJECT_CONVERSION = YES_AGGRESSIVE;
				CLANG_CXX_LANGUAGE_STANDARD = "gnu++20";
				CLANG_ENABLE_MODULES = YES;
				CLANG_ENABLE_OBJC_ARC = YES;
				CLANG_ENABLE_OBJC_WEAK = YES;
				CLANG_WARN_BLOCK_CAPTURE_AUTORELEASING = YES;
				CLANG_WARN_BOOL_CONVERSION = YES;
				CLANG_WARN_COMMA = YES;
				CLANG_WARN_CONSTANT_CONVERSION = YES;
				CLANG_WARN_DEPRECATED_OBJC_IMPLEMENTATIONS = YES;
				CLANG_WARN_DIRECT_OBJC_ISA_USAGE = YES_ERROR;
				CLANG_WARN_DOCUMENTATION_COMMENTS = YES;
				CLANG_WARN_EMPTY_BODY = YES;
				CLANG_WARN_ENUM_CONVERSION = YES;
				CLANG_WARN_INFINITE_RECURSION = YES;
				CLANG_WARN_INT_CONVERSION = YES;
				CLANG_WARN_NON_LITERAL_NULL_CONVERSION = YES;
				CLANG_WARN_OBJC_IMPLICIT_RETAIN_SELF = YES;
				CLANG_WARN_OBJC_LITERAL_CONVERSION = YES;
				CLANG_WARN_OBJC_ROOT_CLASS = YES_ERROR;
				CLANG_WARN_QUOTED_INCLUDE_IN_FRAMEWORK_HEADER = YES;
				CLANG_WARN_RANGE_LOOP_ANALYSIS = YES;
				CLANG_WARN_STRICT_PROTOTYPES = YES;
				CLANG_WARN_SUSPICIOUS_MOVE = YES;
				CLANG_WARN_UNGUARDED_AVAILABILITY = YES_AGGRESSIVE;
				CLANG_WARN_UNREACHABLE_CODE = YES;
				CLANG_WARN__DUPLICATE_METHOD_MATCH = YES;
				COPY_PHASE_STRIP = NO;
				DEBUG_INFORMATION_FORMAT = "dwarf-with-dsym";
				ENABLE_NS_ASSERTIONS = NO;
				ENABLE_STRICT_OBJC_MSGSEND = YES;
				GCC_C_LANGUAGE_STANDARD = gnu11;
				GCC_NO_COMMON_BLOCKS = YES;
				GCC_WARN_64_TO_32_BIT_CONVERSION = YES;
				GCC_WARN_ABOUT_RETURN_TYPE = YES_ERROR;
				GCC_WARN_UNDECLARED_SELECTOR = YES;
				GCC_WARN_UNINITIALIZED_AUTOS = YES_AGGRESSIVE;
				GCC_WARN_UNUSED_FUNCTION = YES;
				GCC_WARN_UNUSED_VARIABLE = YES;
				IPHONEOS_DEPLOYMENT_TARGET = 16.2;
				MTL_ENABLE_DEBUG_INFO = NO;
				MTL_FAST_MATH = YES;
				SDKROOT = iphoneos;
				SWIFT_COMPILATION_MODE = wholemodule;
				SWIFT_OPTIMIZATION_LEVEL = "-O";
				VALIDATE_PRODUCT = YES;
			};
			name = Release;
		};
		55F92CDA2A6FDA3100F1D96B /* Debug */ = {
			isa = XCBuildConfiguration;
			buildSettings = {
				ASSETCATALOG_COMPILER_APPICON_NAME = AppIcon;
				ASSETCATALOG_COMPILER_GLOBAL_ACCENT_COLOR_NAME = AccentColor;
				CODE_SIGN_STYLE = Automatic;
				CURRENT_PROJECT_VERSION = 1;
				DEVELOPMENT_ASSET_PATHS = "\"ModelPickerApp/Preview Content\"";
				DEVELOPMENT_TEAM = 42X9NJ9Q2C;
				ENABLE_PREVIEWS = YES;
				GENERATE_INFOPLIST_FILE = YES;
				INFOPLIST_KEY_NSCameraUsageDescription = "";
				INFOPLIST_KEY_UIApplicationSupportsIndirectInputEvents = YES;
				INFOPLIST_KEY_UILaunchScreen_Generation = YES;
				INFOPLIST_KEY_UIRequiredDeviceCapabilities = arkit;
				INFOPLIST_KEY_UIStatusBarHidden = YES;
				INFOPLIST_KEY_UISupportedInterfaceOrientations_iPad = "UIInterfaceOrientationPortrait UIInterfaceOrientationPortraitUpsideDown UIInterfaceOrientationLandscapeLeft UIInterfaceOrientationLandscapeRight";
				INFOPLIST_KEY_UISupportedInterfaceOrientations_iPhone = "UIInterfaceOrientationPortrait UIInterfaceOrientationLandscapeLeft UIInterfaceOrientationLandscapeRight";
				IPHONEOS_DEPLOYMENT_TARGET = 16.0;
				LD_RUNPATH_SEARCH_PATHS = (
					"$(inherited)",
					"@executable_path/Frameworks",
				);
				MARKETING_VERSION = 1.0;
				PRODUCT_BUNDLE_IDENTIFIER = com.tonikrug.ModelPickerApp;
				PRODUCT_NAME = "$(TARGET_NAME)";
				SWIFT_EMIT_LOC_STRINGS = YES;
				SWIFT_VERSION = 5.0;
				TARGETED_DEVICE_FAMILY = "1,2";
			};
			name = Debug;
		};
		55F92CDB2A6FDA3100F1D96B /* Release */ = {
			isa = XCBuildConfiguration;
			buildSettings = {
				ASSETCATALOG_COMPILER_APPICON_NAME = AppIcon;
				ASSETCATALOG_COMPILER_GLOBAL_ACCENT_COLOR_NAME = AccentColor;
				CODE_SIGN_STYLE = Automatic;
				CURRENT_PROJECT_VERSION = 1;
				DEVELOPMENT_ASSET_PATHS = "\"ModelPickerApp/Preview Content\"";
				DEVELOPMENT_TEAM = 42X9NJ9Q2C;
				ENABLE_PREVIEWS = YES;
				GENERATE_INFOPLIST_FILE = YES;
				INFOPLIST_KEY_NSCameraUsageDescription = "";
				INFOPLIST_KEY_UIApplicationSupportsIndirectInputEvents = YES;
				INFOPLIST_KEY_UILaunchScreen_Generation = YES;
				INFOPLIST_KEY_UIRequiredDeviceCapabilities = arkit;
				INFOPLIST_KEY_UIStatusBarHidden = YES;
				INFOPLIST_KEY_UISupportedInterfaceOrientations_iPad = "UIInterfaceOrientationPortrait UIInterfaceOrientationPortraitUpsideDown UIInterfaceOrientationLandscapeLeft UIInterfaceOrientationLandscapeRight";
				INFOPLIST_KEY_UISupportedInterfaceOrientations_iPhone = "UIInterfaceOrientationPortrait UIInterfaceOrientationLandscapeLeft UIInterfaceOrientationLandscapeRight";
				IPHONEOS_DEPLOYMENT_TARGET = 16.0;
				LD_RUNPATH_SEARCH_PATHS = (
					"$(inherited)",
					"@executable_path/Frameworks",
				);
				MARKETING_VERSION = 1.0;
				PRODUCT_BUNDLE_IDENTIFIER = com.tonikrug.ModelPickerApp;
				PRODUCT_NAME = "$(TARGET_NAME)";
				SWIFT_EMIT_LOC_STRINGS = YES;
				SWIFT_VERSION = 5.0;
				TARGETED_DEVICE_FAMILY = "1,2";
			};
			name = Release;
		};
		55F92CDD2A6FDA3100F1D96B /* Debug */ = {
			isa = XCBuildConfiguration;
			buildSettings = {
				ALWAYS_EMBED_SWIFT_STANDARD_LIBRARIES = YES;
				BUNDLE_LOADER = "$(TEST_HOST)";
				CODE_SIGN_STYLE = Automatic;
				CURRENT_PROJECT_VERSION = 1;
				DEVELOPMENT_TEAM = 42X9NJ9Q2C;
				GENERATE_INFOPLIST_FILE = YES;
				IPHONEOS_DEPLOYMENT_TARGET = 16.2;
				MARKETING_VERSION = 1.0;
				PRODUCT_BUNDLE_IDENTIFIER = com.tonikrug.ModelPickerAppTests;
				PRODUCT_NAME = "$(TARGET_NAME)";
				SWIFT_EMIT_LOC_STRINGS = NO;
				SWIFT_VERSION = 5.0;
				TARGETED_DEVICE_FAMILY = "1,2";
				TEST_HOST = "$(BUILT_PRODUCTS_DIR)/ModelPickerApp.app/$(BUNDLE_EXECUTABLE_FOLDER_PATH)/ModelPickerApp";
			};
			name = Debug;
		};
		55F92CDE2A6FDA3100F1D96B /* Release */ = {
			isa = XCBuildConfiguration;
			buildSettings = {
				ALWAYS_EMBED_SWIFT_STANDARD_LIBRARIES = YES;
				BUNDLE_LOADER = "$(TEST_HOST)";
				CODE_SIGN_STYLE = Automatic;
				CURRENT_PROJECT_VERSION = 1;
				DEVELOPMENT_TEAM = 42X9NJ9Q2C;
				GENERATE_INFOPLIST_FILE = YES;
				IPHONEOS_DEPLOYMENT_TARGET = 16.2;
				MARKETING_VERSION = 1.0;
				PRODUCT_BUNDLE_IDENTIFIER = com.tonikrug.ModelPickerAppTests;
				PRODUCT_NAME = "$(TARGET_NAME)";
				SWIFT_EMIT_LOC_STRINGS = NO;
				SWIFT_VERSION = 5.0;
				TARGETED_DEVICE_FAMILY = "1,2";
				TEST_HOST = "$(BUILT_PRODUCTS_DIR)/ModelPickerApp.app/$(BUNDLE_EXECUTABLE_FOLDER_PATH)/ModelPickerApp";
			};
			name = Release;
		};
		55F92CE02A6FDA3100F1D96B /* Debug */ = {
			isa = XCBuildConfiguration;
			buildSettings = {
				ALWAYS_EMBED_SWIFT_STANDARD_LIBRARIES = YES;
				CODE_SIGN_STYLE = Automatic;
				CURRENT_PROJECT_VERSION = 1;
				DEVELOPMENT_TEAM = 42X9NJ9Q2C;
				GENERATE_INFOPLIST_FILE = YES;
				MARKETING_VERSION = 1.0;
				PRODUCT_BUNDLE_IDENTIFIER = com.tonikrug.ModelPickerAppUITests;
				PRODUCT_NAME = "$(TARGET_NAME)";
				SWIFT_EMIT_LOC_STRINGS = NO;
				SWIFT_VERSION = 5.0;
				TARGETED_DEVICE_FAMILY = "1,2";
				TEST_TARGET_NAME = ModelPickerApp;
			};
			name = Debug;
		};
		55F92CE12A6FDA3100F1D96B /* Release */ = {
			isa = XCBuildConfiguration;
			buildSettings = {
				ALWAYS_EMBED_SWIFT_STANDARD_LIBRARIES = YES;
				CODE_SIGN_STYLE = Automatic;
				CURRENT_PROJECT_VERSION = 1;
				DEVELOPMENT_TEAM = 42X9NJ9Q2C;
				GENERATE_INFOPLIST_FILE = YES;
				MARKETING_VERSION = 1.0;
				PRODUCT_BUNDLE_IDENTIFIER = com.tonikrug.ModelPickerAppUITests;
				PRODUCT_NAME = "$(TARGET_NAME)";
				SWIFT_EMIT_LOC_STRINGS = NO;
				SWIFT_VERSION = 5.0;
				TARGETED_DEVICE_FAMILY = "1,2";
				TEST_TARGET_NAME = ModelPickerApp;
			};
			name = Release;
		};
/* End XCBuildConfiguration section */

/* Begin XCConfigurationList section */
		55F92CAE2A6FDA2D00F1D96B /* Build configuration list for PBXProject "ModelPickerApp" */ = {
			isa = XCConfigurationList;
			buildConfigurations = (
				55F92CD72A6FDA3100F1D96B /* Debug */,
				55F92CD82A6FDA3100F1D96B /* Release */,
			);
			defaultConfigurationIsVisible = 0;
			defaultConfigurationName = Release;
		};
		55F92CD92A6FDA3100F1D96B /* Build configuration list for PBXNativeTarget "ModelPickerApp" */ = {
			isa = XCConfigurationList;
			buildConfigurations = (
				55F92CDA2A6FDA3100F1D96B /* Debug */,
				55F92CDB2A6FDA3100F1D96B /* Release */,
			);
			defaultConfigurationIsVisible = 0;
			defaultConfigurationName = Release;
		};
		55F92CDC2A6FDA3100F1D96B /* Build configuration list for PBXNativeTarget "ModelPickerAppTests" */ = {
			isa = XCConfigurationList;
			buildConfigurations = (
				55F92CDD2A6FDA3100F1D96B /* Debug */,
				55F92CDE2A6FDA3100F1D96B /* Release */,
			);
			defaultConfigurationIsVisible = 0;
			defaultConfigurationName = Release;
		};
		55F92CDF2A6FDA3100F1D96B /* Build configuration list for PBXNativeTarget "ModelPickerAppUITests" */ = {
			isa = XCConfigurationList;
			buildConfigurations = (
				55F92CE02A6FDA3100F1D96B /* Debug */,
				55F92CE12A6FDA3100F1D96B /* Release */,
			);
			defaultConfigurationIsVisible = 0;
			defaultConfigurationName = Release;
		};
/* End XCConfigurationList section */
	};
	rootObject = 55F92CAB2A6FDA2D00F1D96B /* Project object */;
}
